
Microsoft Visual Studio Solution File, Format Version 12.00
# Visual Studio Version 16
VisualStudioVersion = 16.0.31229.75
MinimumVisualStudioVersion = 10.0.40219.1
Project("{FAE04EC0-301F-11D3-BF4B-00C04F79EFBC}") = "Stephens_Inventory", "Stephens_Inventory\Stephens_Inventory.csproj", "{D7EC9875-67B2-41EC-9B29-113AADD16A1C}"
EndProject
Global
	GlobalSection(SolutionConfigurationPlatforms) = preSolution
		Debug|Any CPU = Debug|Any CPU
		Release|Any CPU = Release|Any CPU
	EndGlobalSection
	GlobalSection(ProjectConfigurationPlatforms) = postSolution
		{D7EC9875-67B2-41EC-9B29-113AADD16A1C}.Debug|Any CPU.ActiveCfg = Debug|Any CPU
		{D7EC9875-67B2-41EC-9B29-113AADD16A1C}.Debug|Any CPU.Build.0 = Debug|Any CPU
		{D7EC9875-67B2-41EC-9B29-113AADD16A1C}.Release|Any CPU.ActiveCfg = Release|Any CPU
		{D7EC9875-67B2-41EC-9B29-113AADD16A1C}.Release|Any CPU.Build.0 = Release|Any CPU
	EndGlobalSection
	GlobalSection(SolutionProperties) = preSolution
		HideSolutionNode = FALSE
	EndGlobalSection
	GlobalSection(ExtensibilityGlobals) = postSolution
		SolutionGuid = {784683E6-C7A6-42B1-9576-54547C68AFA1}
	EndGlobalSection
EndGlobal
